
Microsoft Visual Studio Solution File, Format Version 12.00
# Visual Studio Version 17
VisualStudioVersion = 17.14.36414.22
MinimumVisualStudioVersion = 10.0.40219.1
Project("{FAE04EC0-301F-11D3-BF4B-00C04F79EFBC}") = "CopyAzureToAWS.AzureRecordingLoadTest", "CopyAzureToAWS.AzureRecordingLoadTest.csproj", "{23FC8019-3DE0-6ECF-77CD-D12231C2CCD7}"
EndProject
Global
	GlobalSection(SolutionConfigurationPlatforms) = preSolution
		Debug|Any CPU = Debug|Any CPU
		Release|Any CPU = Release|Any CPU
	EndGlobalSection
	GlobalSection(ProjectConfigurationPlatforms) = postSolution
		{23FC8019-3DE0-6ECF-77CD-D12231C2CCD7}.Debug|Any CPU.ActiveCfg = Debug|Any CPU
		{23FC8019-3DE0-6ECF-77CD-D12231C2CCD7}.Debug|Any CPU.Build.0 = Debug|Any CPU
		{23FC8019-3DE0-6ECF-77CD-D12231C2CCD7}.Release|Any CPU.ActiveCfg = Release|Any CPU
		{23FC8019-3DE0-6ECF-77CD-D12231C2CCD7}.Release|Any CPU.Build.0 = Release|Any CPU
	EndGlobalSection
	GlobalSection(SolutionProperties) = preSolution
		HideSolutionNode = FALSE
	EndGlobalSection
	GlobalSection(ExtensibilityGlobals) = postSolution
		SolutionGuid = {A54E9FF4-6535-43DE-A7F1-9546E844A46E}
	EndGlobalSection
EndGlobal
